
Microsoft Visual Studio Solution File, Format Version 12.00
# Visual Studio Version 17
VisualStudioVersion = 17.0.31919.166
MinimumVisualStudioVersion = 10.0.40219.1
Project("{FAE04EC0-301F-11D3-BF4B-00C04F79EFBC}") = "laba2Rudzik", "laba2Rudzik\laba2Rudzik.csproj", "{F4CCFB95-05C8-481E-9B72-719148C15591}"
EndProject
Global
	GlobalSection(SolutionConfigurationPlatforms) = preSolution
		Debug|Any CPU = Debug|Any CPU
		Release|Any CPU = Release|Any CPU
	EndGlobalSection
	GlobalSection(ProjectConfigurationPlatforms) = postSolution
		{F4CCFB95-05C8-481E-9B72-719148C15591}.Debug|Any CPU.ActiveCfg = Debug|Any CPU
		{F4CCFB95-05C8-481E-9B72-719148C15591}.Debug|Any CPU.Build.0 = Debug|Any CPU
		{F4CCFB95-05C8-481E-9B72-719148C15591}.Release|Any CPU.ActiveCfg = Release|Any CPU
		{F4CCFB95-05C8-481E-9B72-719148C15591}.Release|Any CPU.Build.0 = Release|Any CPU
	EndGlobalSection
	GlobalSection(SolutionProperties) = preSolution
		HideSolutionNode = FALSE
	EndGlobalSection
	GlobalSection(ExtensibilityGlobals) = postSolution
		SolutionGuid = {FD4DBB8A-6BF0-4589-BC1D-8ABA6C3C3927}
	EndGlobalSection
EndGlobal
